
Microsoft Visual Studio Solution File, Format Version 12.00
# Visual Studio Version 16
VisualStudioVersion = 16.0.29911.84
MinimumVisualStudioVersion = 10.0.40219.1
Project("{FAE04EC0-301F-11D3-BF4B-00C04F79EFBC}") = "DZ1", "DZ1\DZ1.csproj", "{CF1D0B79-5C74-4717-AE6D-7F581498E382}"
EndProject
Global
	GlobalSection(SolutionConfigurationPlatforms) = preSolution
		Debug|Any CPU = Debug|Any CPU
		Release|Any CPU = Release|Any CPU
	EndGlobalSection
	GlobalSection(ProjectConfigurationPlatforms) = postSolution
		{CF1D0B79-5C74-4717-AE6D-7F581498E382}.Debug|Any CPU.ActiveCfg = Debug|Any CPU
		{CF1D0B79-5C74-4717-AE6D-7F581498E382}.Debug|Any CPU.Build.0 = Debug|Any CPU
		{CF1D0B79-5C74-4717-AE6D-7F581498E382}.Release|Any CPU.ActiveCfg = Release|Any CPU
		{CF1D0B79-5C74-4717-AE6D-7F581498E382}.Release|Any CPU.Build.0 = Release|Any CPU
	EndGlobalSection
	GlobalSection(SolutionProperties) = preSolution
		HideSolutionNode = FALSE
	EndGlobalSection
	GlobalSection(ExtensibilityGlobals) = postSolution
		SolutionGuid = {B3ADC3E5-A397-4BFE-A7D4-4235660E9B94}
	EndGlobalSection
EndGlobal
